
Microsoft Visual Studio Solution File, Format Version 12.00
# Visual Studio Version 17
VisualStudioVersion = 17.9.34622.214
MinimumVisualStudioVersion = 10.0.40219.1
Project("{9A19103F-16F7-4668-BE54-9A1E7A4F7556}") = "NewProject", "NewProject\NewProject.csproj", "{E11C2156-781B-4FAC-92C9-D49860229C42}"
EndProject
Project("{9A19103F-16F7-4668-BE54-9A1E7A4F7556}") = "Mediator", "Mediator\Mediator.csproj", "{B11D7C6F-2993-4D47-A894-BB5881A4EF98}"
EndProject
Project("{9A19103F-16F7-4668-BE54-9A1E7A4F7556}") = "Lesson 35.2", "Lesson 35.2\Lesson 35.2.csproj", "{5134D942-D0D6-4115-A6F8-ABBEFBADF127}"
EndProject
Project("{9A19103F-16F7-4668-BE54-9A1E7A4F7556}") = "Lesson 37", "Lesson 37\Lesson 37.csproj", "{601B9859-C2CC-49D3-A53F-CA6E5B8E5914}"
EndProject
Project("{9A19103F-16F7-4668-BE54-9A1E7A4F7556}") = "ConsoleShop3", "ConsoleShop3\ConsoleShop3.csproj", "{B44F5102-638A-4B51-8B44-239575A2D0FC}"
EndProject
Project("{9A19103F-16F7-4668-BE54-9A1E7A4F7556}") = "Lesson 38", "Lesson 38\Lesson 38.csproj", "{CF207F25-563E-45A6-AA44-D19796C1BFDC}"
EndProject
Project("{9A19103F-16F7-4668-BE54-9A1E7A4F7556}") = "Lesson 39", "Lesson 39\Lesson 39.csproj", "{704FD3D8-A4A2-40C2-942E-5190B86BFF09}"
EndProject
Project("{9A19103F-16F7-4668-BE54-9A1E7A4F7556}") = "Lesson 82", "Lesson 82\Lesson 82.csproj", "{F5A8202E-FB07-429C-9410-FC543CE4969A}"
EndProject
Project("{9A19103F-16F7-4668-BE54-9A1E7A4F7556}") = "Lesson 40", "Lesson 40\Lesson 40.csproj", "{FD3819B8-25D2-4E2B-8CEC-49C331CCB0A7}"
EndProject
Project("{9A19103F-16F7-4668-BE54-9A1E7A4F7556}") = "Lesson 41", "Lesson 41\Lesson 41.csproj", "{A5CC0C60-9D64-460B-BD3C-6626CD54A2B5}"
EndProject
Project("{9A19103F-16F7-4668-BE54-9A1E7A4F7556}") = "Lesson 43", "Lesson 43\Lesson 43.csproj", "{4931FDC8-6C64-40ED-84C9-36A2201138E2}"
EndProject
Project("{9A19103F-16F7-4668-BE54-9A1E7A4F7556}") = "Lesson 43.1", "Lesson 43.1\Lesson 43.1.csproj", "{77513F6D-6098-41C6-B3DF-7988E237CAA2}"
EndProject
Project("{9A19103F-16F7-4668-BE54-9A1E7A4F7556}") = "Lesson 43.2", "Lesson 43.2\Lesson 43.2.csproj", "{91C20CF2-5081-45CB-BBD8-F7A80B2AD161}"
EndProject
Project("{9A19103F-16F7-4668-BE54-9A1E7A4F7556}") = "Lesson 84", "Lesson 84\Lesson 84.csproj", "{C903C221-3B5A-4907-9049-5E048B280CAE}"
EndProject
Project("{FAE04EC0-301F-11D3-BF4B-00C04F79EFBC}") = "Lesson 85", "Lesson 85\Lesson 85.csproj", "{8443B482-18BF-4969-95B3-98C34A004DD6}"
EndProject
Global
	GlobalSection(SolutionConfigurationPlatforms) = preSolution
		Debug|Any CPU = Debug|Any CPU
		Release|Any CPU = Release|Any CPU
	EndGlobalSection
	GlobalSection(ProjectConfigurationPlatforms) = postSolution
		{E11C2156-781B-4FAC-92C9-D49860229C42}.Debug|Any CPU.ActiveCfg = Debug|Any CPU
		{E11C2156-781B-4FAC-92C9-D49860229C42}.Debug|Any CPU.Build.0 = Debug|Any CPU
		{E11C2156-781B-4FAC-92C9-D49860229C42}.Release|Any CPU.ActiveCfg = Release|Any CPU
		{E11C2156-781B-4FAC-92C9-D49860229C42}.Release|Any CPU.Build.0 = Release|Any CPU
		{B11D7C6F-2993-4D47-A894-BB5881A4EF98}.Debug|Any CPU.ActiveCfg = Debug|Any CPU
		{B11D7C6F-2993-4D47-A894-BB5881A4EF98}.Debug|Any CPU.Build.0 = Debug|Any CPU
		{B11D7C6F-2993-4D47-A894-BB5881A4EF98}.Release|Any CPU.ActiveCfg = Release|Any CPU
		{B11D7C6F-2993-4D47-A894-BB5881A4EF98}.Release|Any CPU.Build.0 = Release|Any CPU
		{5134D942-D0D6-4115-A6F8-ABBEFBADF127}.Debug|Any CPU.ActiveCfg = Debug|Any CPU
		{5134D942-D0D6-4115-A6F8-ABBEFBADF127}.Debug|Any CPU.Build.0 = Debug|Any CPU
		{5134D942-D0D6-4115-A6F8-ABBEFBADF127}.Release|Any CPU.ActiveCfg = Release|Any CPU
		{5134D942-D0D6-4115-A6F8-ABBEFBADF127}.Release|Any CPU.Build.0 = Release|Any CPU
		{601B9859-C2CC-49D3-A53F-CA6E5B8E5914}.Debug|Any CPU.ActiveCfg = Debug|Any CPU
		{601B9859-C2CC-49D3-A53F-CA6E5B8E5914}.Debug|Any CPU.Build.0 = Debug|Any CPU
		{601B9859-C2CC-49D3-A53F-CA6E5B8E5914}.Release|Any CPU.ActiveCfg = Release|Any CPU
		{601B9859-C2CC-49D3-A53F-CA6E5B8E5914}.Release|Any CPU.Build.0 = Release|Any CPU
		{B44F5102-638A-4B51-8B44-239575A2D0FC}.Debug|Any CPU.ActiveCfg = Debug|Any CPU
		{B44F5102-638A-4B51-8B44-239575A2D0FC}.Debug|Any CPU.Build.0 = Debug|Any CPU
		{B44F5102-638A-4B51-8B44-239575A2D0FC}.Release|Any CPU.ActiveCfg = Release|Any CPU
		{B44F5102-638A-4B51-8B44-239575A2D0FC}.Release|Any CPU.Build.0 = Release|Any CPU
		{CF207F25-563E-45A6-AA44-D19796C1BFDC}.Debug|Any CPU.ActiveCfg = Debug|Any CPU
		{CF207F25-563E-45A6-AA44-D19796C1BFDC}.Debug|Any CPU.Build.0 = Debug|Any CPU
		{CF207F25-563E-45A6-AA44-D19796C1BFDC}.Release|Any CPU.ActiveCfg = Release|Any CPU
		{CF207F25-563E-45A6-AA44-D19796C1BFDC}.Release|Any CPU.Build.0 = Release|Any CPU
		{704FD3D8-A4A2-40C2-942E-5190B86BFF09}.Debug|Any CPU.ActiveCfg = Debug|Any CPU
		{704FD3D8-A4A2-40C2-942E-5190B86BFF09}.Debug|Any CPU.Build.0 = Debug|Any CPU
		{704FD3D8-A4A2-40C2-942E-5190B86BFF09}.Release|Any CPU.ActiveCfg = Release|Any CPU
		{704FD3D8-A4A2-40C2-942E-5190B86BFF09}.Release|Any CPU.Build.0 = Release|Any CPU
		{F5A8202E-FB07-429C-9410-FC543CE4969A}.Debug|Any CPU.ActiveCfg = Debug|Any CPU
		{F5A8202E-FB07-429C-9410-FC543CE4969A}.Debug|Any CPU.Build.0 = Debug|Any CPU
		{F5A8202E-FB07-429C-9410-FC543CE4969A}.Release|Any CPU.ActiveCfg = Release|Any CPU
		{F5A8202E-FB07-429C-9410-FC543CE4969A}.Release|Any CPU.Build.0 = Release|Any CPU
		{FD3819B8-25D2-4E2B-8CEC-49C331CCB0A7}.Debug|Any CPU.ActiveCfg = Debug|Any CPU
		{FD3819B8-25D2-4E2B-8CEC-49C331CCB0A7}.Debug|Any CPU.Build.0 = Debug|Any CPU
		{FD3819B8-25D2-4E2B-8CEC-49C331CCB0A7}.Release|Any CPU.ActiveCfg = Release|Any CPU
		{FD3819B8-25D2-4E2B-8CEC-49C331CCB0A7}.Release|Any CPU.Build.0 = Release|Any CPU
		{A5CC0C60-9D64-460B-BD3C-6626CD54A2B5}.Debug|Any CPU.ActiveCfg = Debug|Any CPU
		{A5CC0C60-9D64-460B-BD3C-6626CD54A2B5}.Debug|Any CPU.Build.0 = Debug|Any CPU
		{A5CC0C60-9D64-460B-BD3C-6626CD54A2B5}.Release|Any CPU.ActiveCfg = Release|Any CPU
		{A5CC0C60-9D64-460B-BD3C-6626CD54A2B5}.Release|Any CPU.Build.0 = Release|Any CPU
		{4931FDC8-6C64-40ED-84C9-36A2201138E2}.Debug|Any CPU.ActiveCfg = Debug|Any CPU
		{4931FDC8-6C64-40ED-84C9-36A2201138E2}.Debug|Any CPU.Build.0 = Debug|Any CPU
		{4931FDC8-6C64-40ED-84C9-36A2201138E2}.Release|Any CPU.ActiveCfg = Release|Any CPU
		{4931FDC8-6C64-40ED-84C9-36A2201138E2}.Release|Any CPU.Build.0 = Release|Any CPU
		{77513F6D-6098-41C6-B3DF-7988E237CAA2}.Debug|Any CPU.ActiveCfg = Debug|Any CPU
		{77513F6D-6098-41C6-B3DF-7988E237CAA2}.Debug|Any CPU.Build.0 = Debug|Any CPU
		{77513F6D-6098-41C6-B3DF-7988E237CAA2}.Release|Any CPU.ActiveCfg = Release|Any CPU
		{77513F6D-6098-41C6-B3DF-7988E237CAA2}.Release|Any CPU.Build.0 = Release|Any CPU
		{91C20CF2-5081-45CB-BBD8-F7A80B2AD161}.Debug|Any CPU.ActiveCfg = Debug|Any CPU
		{91C20CF2-5081-45CB-BBD8-F7A80B2AD161}.Debug|Any CPU.Build.0 = Debug|Any CPU
		{91C20CF2-5081-45CB-BBD8-F7A80B2AD161}.Release|Any CPU.ActiveCfg = Release|Any CPU
		{91C20CF2-5081-45CB-BBD8-F7A80B2AD161}.Release|Any CPU.Build.0 = Release|Any CPU
		{C903C221-3B5A-4907-9049-5E048B280CAE}.Debug|Any CPU.ActiveCfg = Debug|Any CPU
		{C903C221-3B5A-4907-9049-5E048B280CAE}.Debug|Any CPU.Build.0 = Debug|Any CPU
		{C903C221-3B5A-4907-9049-5E048B280CAE}.Release|Any CPU.ActiveCfg = Release|Any CPU
		{C903C221-3B5A-4907-9049-5E048B280CAE}.Release|Any CPU.Build.0 = Release|Any CPU
		{8443B482-18BF-4969-95B3-98C34A004DD6}.Debug|Any CPU.ActiveCfg = Debug|Any CPU
		{8443B482-18BF-4969-95B3-98C34A004DD6}.Debug|Any CPU.Build.0 = Debug|Any CPU
		{8443B482-18BF-4969-95B3-98C34A004DD6}.Release|Any CPU.ActiveCfg = Release|Any CPU
		{8443B482-18BF-4969-95B3-98C34A004DD6}.Release|Any CPU.Build.0 = Release|Any CPU
	EndGlobalSection
	GlobalSection(SolutionProperties) = preSolution
		HideSolutionNode = FALSE
	EndGlobalSection
	GlobalSection(ExtensibilityGlobals) = postSolution
		SolutionGuid = {20F2038F-5079-44CC-A08D-6F3E64A63485}
	EndGlobalSection
EndGlobal
